
Microsoft Visual Studio Solution File, Format Version 12.00
# Visual Studio 2013
VisualStudioVersion = 12.0.31101.0
MinimumVisualStudioVersion = 10.0.40219.1
Project("{FAE04EC0-301F-11D3-BF4B-00C04F79EFBC}") = "Flick", "Flick\Flick.csproj", "{47993EAF-B3E6-4DBC-A3A7-8D3875226C05}"
EndProject
Project("{FAE04EC0-301F-11D3-BF4B-00C04F79EFBC}") = "Flick.Compiler", "Flick.Compiler\Flick.Compiler.csproj", "{56DA7EF6-E246-4486-8BE5-032FCC0FB8AB}"
EndProject
Global
	GlobalSection(SolutionConfigurationPlatforms) = preSolution
		Debug|Any CPU = Debug|Any CPU
		Release|Any CPU = Release|Any CPU
	EndGlobalSection
	GlobalSection(ProjectConfigurationPlatforms) = postSolution
		{47993EAF-B3E6-4DBC-A3A7-8D3875226C05}.Debug|Any CPU.ActiveCfg = Debug|Any CPU
		{47993EAF-B3E6-4DBC-A3A7-8D3875226C05}.Debug|Any CPU.Build.0 = Debug|Any CPU
		{47993EAF-B3E6-4DBC-A3A7-8D3875226C05}.Release|Any CPU.ActiveCfg = Release|Any CPU
		{47993EAF-B3E6-4DBC-A3A7-8D3875226C05}.Release|Any CPU.Build.0 = Release|Any CPU
		{56DA7EF6-E246-4486-8BE5-032FCC0FB8AB}.Debug|Any CPU.ActiveCfg = Debug|Any CPU
		{56DA7EF6-E246-4486-8BE5-032FCC0FB8AB}.Debug|Any CPU.Build.0 = Debug|Any CPU
		{56DA7EF6-E246-4486-8BE5-032FCC0FB8AB}.Release|Any CPU.ActiveCfg = Release|Any CPU
		{56DA7EF6-E246-4486-8BE5-032FCC0FB8AB}.Release|Any CPU.Build.0 = Release|Any CPU
	EndGlobalSection
	GlobalSection(SolutionProperties) = preSolution
		HideSolutionNode = FALSE
	EndGlobalSection
EndGlobal
